{
  "name": "immich-pierre",
  "version": "1.0.0",
  "lockfileVersion": 3,
  "requires": true,
  "packages": {
    "": {
      "name": "immich-pierre",
      "version": "1.0.0",
      "license": "ISC",
      "dependencies": {
        "@immich/sdk": "^1.132.3",
        "url-join": "^5.0.0"
      },
      "devDependencies": {
        "@tsconfig/node23": "^23.0.1",
        "@types/node": "^22.15.12",
        "@types/url-join": "^5.0.0"
      }
    },
    "node_modules/@immich/sdk": {
      "version": "1.132.3",
      "resolved": "https://registry.npmjs.org/@immich/sdk/-/sdk-1.132.3.tgz",
      "integrity": "sha512-lADZOvd47AJuNNQAVUzlH/Y3hZkE3Tu+3LFzKX15oA8vZuPjDnN4P5dTT0OUaPfoCeWf+nKey/Ghp2XShe65gQ==",
      "license": "GNU Affero General Public License version 3",
      "dependencies": {
        "@oazapfts/runtime": "^1.0.2"
      }
    },
    "node_modules/@oazapfts/runtime": {
      "version": "1.0.4",
      "resolved": "https://registry.npmjs.org/@oazapfts/runtime/-/runtime-1.0.4.tgz",
      "integrity": "sha512-7t6C2shug/6tZhQgkCa532oTYBLEnbASV/i1SG1rH2GB4h3aQQujYciYSPT92hvN4IwTe8S2hPkN/6iiOyTlCg==",
      "license": "MIT"
    },
    "node_modules/@tsconfig/node23": {
      "version": "23.0.1",
      "resolved": "https://registry.npmjs.org/@tsconfig/node23/-/node23-23.0.1.tgz",
      "integrity": "sha512-oJ0Y42TmsBLuLAfEbPTS5JXSbJJEEU4bULROS6zsL54Gdlw5aOy27rpsquotMKGf2auP6rkbfYsjl43WdGrNcg==",
      "dev": true,
      "license": "MIT"
    },
    "node_modules/@types/node": {
      "version": "22.15.12",
      "resolved": "https://registry.npmjs.org/@types/node/-/node-22.15.12.tgz",
      "integrity": "sha512-K0fpC/ZVeb8G9rm7bH7vI0KAec4XHEhBam616nVJCV51bKzJ6oA3luG4WdKoaztxe70QaNjS/xBmcDLmr4PiGw==",
      "dev": true,
      "license": "MIT",
      "dependencies": {
        "undici-types": "~6.21.0"
      }
    },
    "node_modules/@types/url-join": {
      "version": "5.0.0",
      "resolved": "https://registry.npmjs.org/@types/url-join/-/url-join-5.0.0.tgz",
      "integrity": "sha512-hvwpcDQdoMBPdra8zIxnmsIWFtkc6fUwY2E90MKNvYfZBgRQDQRgiLmhdNOcWUlfMviq8gOYWRmMKzBBCOe8sg==",
      "deprecated": "This is a stub types definition. url-join provides its own type definitions, so you do not need this installed.",
      "dev": true,
      "license": "MIT",
      "dependencies": {
        "url-join": "*"
      }
    },
    "node_modules/undici-types": {
      "version": "6.21.0",
      "resolved": "https://registry.npmjs.org/undici-types/-/undici-types-6.21.0.tgz",
      "integrity": "sha512-iwDZqg0QAGrg9Rav5H4n0M64c3mkR59cJ6wQp+7C4nI0gsmExaedaYLNO44eT4AtBBwjbTiGPMlt2Md0T9H9JQ==",
      "dev": true,
      "license": "MIT"
    },
    "node_modules/url-join": {
      "version": "5.0.0",
      "resolved": "https://registry.npmjs.org/url-join/-/url-join-5.0.0.tgz",
      "integrity": "sha512-n2huDr9h9yzd6exQVnH/jU5mr+Pfx08LRXXZhkLLetAMESRj+anQsTAh940iMrIetKAmry9coFuZQ2jY8/p3WA==",
      "license": "MIT",
      "engines": {
        "node": "^12.20.0 || ^14.13.1 || >=16.0.0"
      }
    }
  }
}
